
Microsoft Visual Studio Solution File, Format Version 12.00
# Visual Studio Version 17
VisualStudioVersion = 17.0.31903.59
MinimumVisualStudioVersion = 10.0.40219.1
Project("{2150E333-8FDC-42A3-9474-1A3956D46DE8}") = "src", "src", "{A3F90C98-96B7-4427-BF59-92F04E38F690}"
EndProject
Project("{2150E333-8FDC-42A3-9474-1A3956D46DE8}") = "SmartATM", "SmartATM", "{30E7C423-4342-62DD-5D78-0A3035C2B2C1}"
EndProject
Project("{FAE04EC0-301F-11D3-BF4B-00C04F79EFBC}") = "SmartATM.Api", "src\SmartATM\SmartATM.Api\SmartATM.Api.csproj", "{BDC82B09-E331-4CFE-8379-3E9476C79E25}"
EndProject
Project("{FAE04EC0-301F-11D3-BF4B-00C04F79EFBC}") = "SmartATM.Application", "src\SmartATM\SmartATM.Application\SmartATM.Application.csproj", "{375A7DFC-64A3-469E-A26B-6C22770FBD3E}"
EndProject
Project("{FAE04EC0-301F-11D3-BF4B-00C04F79EFBC}") = "SmartATM.Domain", "src\SmartATM\SmartATM.Domain\SmartATM.Domain.csproj", "{438F8EF4-1758-4E43-AF9E-9D33F91A90F6}"
EndProject
Project("{FAE04EC0-301F-11D3-BF4B-00C04F79EFBC}") = "SmartATM.Infrastructure", "src\SmartATM\SmartATM.Infrastructure\SmartATM.Infrastructure.csproj", "{F833B0FF-9D86-403D-B98A-81E8021AABC7}"
EndProject
Global
	GlobalSection(SolutionConfigurationPlatforms) = preSolution
		Debug|Any CPU = Debug|Any CPU
		Release|Any CPU = Release|Any CPU
	EndGlobalSection
	GlobalSection(ProjectConfigurationPlatforms) = postSolution
		{BDC82B09-E331-4CFE-8379-3E9476C79E25}.Debug|Any CPU.ActiveCfg = Debug|Any CPU
		{BDC82B09-E331-4CFE-8379-3E9476C79E25}.Debug|Any CPU.Build.0 = Debug|Any CPU
		{BDC82B09-E331-4CFE-8379-3E9476C79E25}.Release|Any CPU.ActiveCfg = Release|Any CPU
		{BDC82B09-E331-4CFE-8379-3E9476C79E25}.Release|Any CPU.Build.0 = Release|Any CPU
		{375A7DFC-64A3-469E-A26B-6C22770FBD3E}.Debug|Any CPU.ActiveCfg = Debug|Any CPU
		{375A7DFC-64A3-469E-A26B-6C22770FBD3E}.Debug|Any CPU.Build.0 = Debug|Any CPU
		{375A7DFC-64A3-469E-A26B-6C22770FBD3E}.Release|Any CPU.ActiveCfg = Release|Any CPU
		{375A7DFC-64A3-469E-A26B-6C22770FBD3E}.Release|Any CPU.Build.0 = Release|Any CPU
		{438F8EF4-1758-4E43-AF9E-9D33F91A90F6}.Debug|Any CPU.ActiveCfg = Debug|Any CPU
		{438F8EF4-1758-4E43-AF9E-9D33F91A90F6}.Debug|Any CPU.Build.0 = Debug|Any CPU
		{438F8EF4-1758-4E43-AF9E-9D33F91A90F6}.Release|Any CPU.ActiveCfg = Release|Any CPU
		{438F8EF4-1758-4E43-AF9E-9D33F91A90F6}.Release|Any CPU.Build.0 = Release|Any CPU
		{F833B0FF-9D86-403D-B98A-81E8021AABC7}.Debug|Any CPU.ActiveCfg = Debug|Any CPU
		{F833B0FF-9D86-403D-B98A-81E8021AABC7}.Debug|Any CPU.Build.0 = Debug|Any CPU
		{F833B0FF-9D86-403D-B98A-81E8021AABC7}.Release|Any CPU.ActiveCfg = Release|Any CPU
		{F833B0FF-9D86-403D-B98A-81E8021AABC7}.Release|Any CPU.Build.0 = Release|Any CPU
	EndGlobalSection
	GlobalSection(SolutionProperties) = preSolution
		HideSolutionNode = FALSE
	EndGlobalSection
	GlobalSection(NestedProjects) = preSolution
		{30E7C423-4342-62DD-5D78-0A3035C2B2C1} = {A3F90C98-96B7-4427-BF59-92F04E38F690}
		{BDC82B09-E331-4CFE-8379-3E9476C79E25} = {30E7C423-4342-62DD-5D78-0A3035C2B2C1}
		{375A7DFC-64A3-469E-A26B-6C22770FBD3E} = {30E7C423-4342-62DD-5D78-0A3035C2B2C1}
		{438F8EF4-1758-4E43-AF9E-9D33F91A90F6} = {30E7C423-4342-62DD-5D78-0A3035C2B2C1}
		{F833B0FF-9D86-403D-B98A-81E8021AABC7} = {30E7C423-4342-62DD-5D78-0A3035C2B2C1}
	EndGlobalSection
EndGlobal
